lockfileVersion: '6.1'

settings:
  autoInstallPeers: true
  excludeLinksFromLockfile: false

dependencies:
  '@next-auth/mongodb-adapter':
    specifier: ^1.1.3
    version: 1.1.3(mongodb@5.6.0)(next-auth@4.22.1)
  '@redux-devtools/extension':
    specifier: ^3.2.5
    version: 3.2.5(redux@4.2.1)
  '@reduxjs/toolkit':
    specifier: ^1.9.5
    version: 1.9.5(react-redux@8.0.7)(react@18.2.0)
  axios:
    specifier: ^1.4.0
    version: 1.4.0
  mongodb:
    specifier: ^5.6.0
    version: 5.6.0
  mongoose:
    specifier: ^7.2.3
    version: 7.2.3
  next:
    specifier: 13.4.5
    version: 13.4.5(react-dom@18.2.0)(react@18.2.0)(sass@1.63.3)
  next-auth:
    specifier: ^4.22.1
    version: 4.22.1(next@13.4.5)(react-dom@18.2.0)(react@18.2.0)
  next-redux-wrapper:
    specifier: ^8.1.0
    version: 8.1.0(next@13.4.5)(react-redux@8.0.7)(react@18.2.0)
  react:
    specifier: 18.2.0
    version: 18.2.0
  react-dom:
    specifier: 18.2.0
    version: 18.2.0(react@18.2.0)
  react-icons:
    specifier: ^4.9.0
    version: 4.9.0(react@18.2.0)
  react-redux:
    specifier: ^8.0.7
    version: 8.0.7(@reduxjs/toolkit@1.9.5)(react-dom@18.2.0)(react@18.2.0)(redux@4.2.1)
  redux:
    specifier: ^4.2.1
    version: 4.2.1
  redux-persist:
    specifier: ^6.0.0
    version: 6.0.0(react@18.2.0)(redux@4.2.1)
  redux-thunk:
    specifier: ^2.4.2
    version: 2.4.2(redux@4.2.1)
  sass:
    specifier: ^1.63.3
    version: 1.63.3

packages:

  /@babel/runtime@7.22.5:
    resolution: {integrity: sha512-ecjvYlnAaZ/KVneE/OdKYBYfgXV3Ptu6zQWmgEF7vwKhQnvVS6bjMD2XYgj+SNvQ1GfK/pjgokfPkC/2CO8CuA==}
    engines: {node: '>=6.9.0'}
    dependencies:
      regenerator-runtime: 0.13.11
    dev: false

  /@next-auth/mongodb-adapter@1.1.3(mongodb@5.6.0)(next-auth@4.22.1):
    resolution: {integrity: sha512-nH/may8hntYBlcuxepSsR2b95w6SRnP+c/FFt3KKjdTScNjhrN0zZdlT90nisjG/3gK+MvzMbz/F4Rwpgr9RMA==}
    peerDependencies:
      mongodb: ^5 || ^4
      next-auth: ^4
    dependencies:
      mongodb: 5.6.0
      next-auth: 4.22.1(next@13.4.5)(react-dom@18.2.0)(react@18.2.0)
    dev: false

  /@next/env@13.4.5:
    resolution: {integrity: sha512-SG/gKH6eij4vwQy87b/3mbpQ1X3x2vUdnpwq6/qL2IQWjtq58EY/UuNAp9CoEZoC9sI4L9AD1r+73Z9r4d3uug==}
    dev: false

  /@next/swc-darwin-arm64@13.4.5:
    resolution: {integrity: sha512-XvTzi2ASUN5bECFIAAcBiSoDb0xsq+KLj4F0bof4d4rdc+FgOqLvseGQaOXwVi1TIh5bHa7o4b6droSJMO5+2g==}
    engines: {node: '>= 10'}
    cpu: [arm64]
    os: [darwin]
    requiresBuild: true
    dev: false
    optional: true

  /@next/swc-darwin-x64@13.4.5:
    resolution: {integrity: sha512-NQdqal/VKAqlJTuzhjZmNtdo8QSqwmfO7b2xJSAengTEVxQvsH76oGEzQeIv8Ci4NP6DysAFtFrJq++TmIxcUA==}
    engines: {node: '>= 10'}
    cpu: [x64]
    os: [darwin]
    requiresBuild: true
    dev: false
    optional: true

  /@next/swc-linux-arm64-gnu@13.4.5:
    resolution: {integrity: sha512-nB8TjtpJCXtzIFjYOMbnQu68ajkA8QK58TreHjTGojSQjsF0StDqo5zFHglVVVHrd8d3N/+EjC18yFNSWnd/ZA==}
    engines: {node: '>= 10'}
    cpu: [arm64]
    os: [linux]
    requiresBuild: true
    dev: false
    optional: true

  /@next/swc-linux-arm64-musl@13.4.5:
    resolution: {integrity: sha512-W126XUW599OV3giSH9Co40VpT8VAOT47xONVHXZaYEpeca0qEevjj6WUr5IJu/8u+XGWm5xI1S0DYWjR6W+olw==}
    engines: {node: '>= 10'}
    cpu: [arm64]
    os: [linux]
    requiresBuild: true
    dev: false
    optional: true

  /@next/swc-linux-x64-gnu@13.4.5:
    resolution: {integrity: sha512-ZbPLO/oztQdtjGmWvGhRmtkZ6j9kQqg65kiO7F7Ijj7ojTtu3hh/vY+XRsHa/4Cse6HgyJ8XGZJMGoLb8ecQfQ==}
    engines: {node: '>= 10'}
    cpu: [x64]
    os: [linux]
    requiresBuild: true
    dev: false
    optional: true

  /@next/swc-linux-x64-musl@13.4.5:
    resolution: {integrity: sha512-f+/h8KMNixVUoRB+2vza8I+jsthJ4KcvopGUsDIUHe7Q4t+m8nKwGFBeyNu9qNIenYK5g5QYEsSwYFEqZylrTQ==}
    engines: {node: '>= 10'}
    cpu: [x64]
    os: [linux]
    requiresBuild: true
    dev: false
    optional: true

  /@next/swc-win32-arm64-msvc@13.4.5:
    resolution: {integrity: sha512-dvtPQZ5+J+zUE1uq7gP853Oj63e+n0T1ydZ/yRdVh7d8zW9ZFuC9fFrg3MqP1cv1NPPur8rrTqDKN2mRBkSSBw==}
    engines: {node: '>= 10'}
    cpu: [arm64]
    os: [win32]
    requiresBuild: true
    dev: false
    optional: true

  /@next/swc-win32-ia32-msvc@13.4.5:
    resolution: {integrity: sha512-gK9zwGe25x31S4AjPy3Bf2niQvHIAbmwgkzmqWG3OmD4K2Z/Dh2ju4vuyzPzIt0pwQe4B520meP9NizTBmVWSg==}
    engines: {node: '>= 10'}
    cpu: [ia32]
    os: [win32]
    requiresBuild: true
    dev: false
    optional: true

  /@next/swc-win32-x64-msvc@13.4.5:
    resolution: {integrity: sha512-iyNQVc7eGehrik9RJt9xGcnO6b/pi8C7GCfg8RGenx1IlalEKbYRgBJloF7DQzwlrV47E9bQl8swT+JawaNcKA==}
    engines: {node: '>= 10'}
    cpu: [x64]
    os: [win32]
    requiresBuild: true
    dev: false
    optional: true

  /@panva/hkdf@1.1.1:
    resolution: {integrity: sha512-dhPeilub1NuIG0X5Kvhh9lH4iW3ZsHlnzwgwbOlgwQ2wG1IqFzsgHqmKPk3WzsdWAeaxKJxgM0+W433RmN45GA==}
    dev: false

  /@redux-devtools/extension@3.2.5(redux@4.2.1):
    resolution: {integrity: sha512-UhyDF7WmdnCrN1s++YC4sdQCo0z6YUnoB2eCh15nXDDq3QH1jDju1144UNRU6Nvi4inxhaIum4m9BXVYWVC1ng==}
    peerDependencies:
      redux: ^3.1.0 || ^4.0.0
    dependencies:
      '@babel/runtime': 7.22.5
      immutable: 4.3.0
      redux: 4.2.1
    dev: false

  /@reduxjs/toolkit@1.9.5(react-redux@8.0.7)(react@18.2.0):
    resolution: {integrity: sha512-Rt97jHmfTeaxL4swLRNPD/zV4OxTes4la07Xc4hetpUW/vc75t5m1ANyxG6ymnEQ2FsLQsoMlYB2vV1sO3m8tQ==}
    peerDependencies:
      react: ^16.9.0 || ^17.0.0 || ^18
      react-redux: ^7.2.1 || ^8.0.2
    peerDependenciesMeta:
      react:
        optional: true
      react-redux:
        optional: true
    dependencies:
      immer: 9.0.21
      react: 18.2.0
      react-redux: 8.0.7(@reduxjs/toolkit@1.9.5)(react-dom@18.2.0)(react@18.2.0)(redux@4.2.1)
      redux: 4.2.1
      redux-thunk: 2.4.2(redux@4.2.1)
      reselect: 4.1.8
    dev: false

  /@swc/helpers@0.5.1:
    resolution: {integrity: sha512-sJ902EfIzn1Fa+qYmjdQqh8tPsoxyBz+8yBKC2HKUxyezKJFwPGOn7pv4WY6QuQW//ySQi5lJjA/ZT9sNWWNTg==}
    dependencies:
      tslib: 2.5.3
    dev: false

  /@types/hoist-non-react-statics@3.3.1:
    resolution: {integrity: sha512-iMIqiko6ooLrTh1joXodJK5X9xeEALT1kM5G3ZLhD3hszxBdIEd5C75U834D9mLcINgD4OyZf5uQXjkuYydWvA==}
    dependencies:
      '@types/react': 18.2.11
      hoist-non-react-statics: 3.3.2
    dev: false

  /@types/node@20.3.0:
    resolution: {integrity: sha512-cumHmIAf6On83X7yP+LrsEyUOf/YlociZelmpRYaGFydoaPdxdt80MAbu6vWerQT2COCp2nPvHdsbD7tHn/YlQ==}
    dev: false

  /@types/prop-types@15.7.5:
    resolution: {integrity: sha512-JCB8C6SnDoQf0cNycqd/35A7MjcnK+ZTqE7judS6o7utxUCg6imJg3QK2qzHKszlTjcj2cn+NwMB2i96ubpj7w==}
    dev: false

  /@types/react@18.2.11:
    resolution: {integrity: sha512-+hsJr9hmwyDecSMQAmX7drgbDpyE+EgSF6t7+5QEBAn1tQK7kl1vWZ4iRf6SjQ8lk7dyEULxUmZOIpN0W5baZA==}
    dependencies:
      '@types/prop-types': 15.7.5
      '@types/scheduler': 0.16.3
      csstype: 3.1.2
    dev: false

  /@types/scheduler@0.16.3:
    resolution: {integrity: sha512-5cJ8CB4yAx7BH1oMvdU0Jh9lrEXyPkar6F9G/ERswkCuvP4KQZfZkSjcMbAICCpQTN4OuZn8tz0HiKv9TGZgrQ==}
    dev: false

  /@types/use-sync-external-store@0.0.3:
    resolution: {integrity: sha512-EwmlvuaxPNej9+T4v5AuBPJa2x2UOJVdjCtDHgcDqitUeOtjnJKJ+apYjVcAoBEMjKW1VVFGZLUb5+qqa09XFA==}
    dev: false

  /@types/webidl-conversions@7.0.0:
    resolution: {integrity: sha512-xTE1E+YF4aWPJJeUzaZI5DRntlkY3+BCVJi0axFptnjGmAoWxkyREIh/XMrfxVLejwQxMCfDXdICo0VLxThrog==}
    dev: false

  /@types/whatwg-url@8.2.2:
    resolution: {integrity: sha512-FtQu10RWgn3D9U4aazdwIE2yzphmTJREDqNdODHrbrZmmMqI0vMheC/6NE/J1Yveaj8H+ela+YwWTjq5PGmuhA==}
    dependencies:
      '@types/node': 20.3.0
      '@types/webidl-conversions': 7.0.0
    dev: false

  /anymatch@3.1.3:
    resolution: {integrity: sha512-KMReFUr0B4t+D+OBkjR3KYqvocp2XaSzO55UcB6mgQMd3KbcE+mWTyvVV7D/zsdEbNnV6acZUutkiHQXvTr1Rw==}
    engines: {node: '>= 8'}
    dependencies:
      normalize-path: 3.0.0
      picomatch: 2.3.1
    dev: false

  /asynckit@0.4.0:
    resolution: {integrity: sha512-Oei9OH4tRh0YqU3GxhX79dM/mwVgvbZJaSNaRk+bshkj0S5cfHcgYakreBjrHwatXKbz+IoIdYLxrKim2MjW0Q==}
    dev: false

  /axios@1.4.0:
    resolution: {integrity: sha512-S4XCWMEmzvo64T9GfvQDOXgYRDJ/wsSZc7Jvdgx5u1sd0JwsuPLqb3SYmusag+edF6ziyMensPVqLTSc1PiSEA==}
    dependencies:
      follow-redirects: 1.15.2
      form-data: 4.0.0
      proxy-from-env: 1.1.0
    transitivePeerDependencies:
      - debug
    dev: false

  /binary-extensions@2.2.0:
    resolution: {integrity: sha512-jDctJ/IVQbZoJykoeHbhXpOlNBqGNcwXJKJog42E5HDPUwQTSdjCHdihjj0DlnheQ7blbT6dHOafNAiS8ooQKA==}
    engines: {node: '>=8'}
    dev: false

  /braces@3.0.2:
    resolution: {integrity: sha512-b8um+L1RzM3WDSzvhm6gIz1yfTbBt6YTlcEKAvsmqCZZFw46z626lVj9j1yEPW33H5H+lBQpZMP1k8l+78Ha0A==}
    engines: {node: '>=8'}
    dependencies:
      fill-range: 7.0.1
    dev: false

  /bson@5.3.0:
    resolution: {integrity: sha512-ukmCZMneMlaC5ebPHXIkP8YJzNl5DC41N5MAIvKDqLggdao342t4McltoJBQfQya/nHBWAcSsYRqlXPoQkTJag==}
    engines: {node: '>=14.20.1'}
    dev: false

  /busboy@1.6.0:
    resolution: {integrity: sha512-8SFQbg/0hQ9xy3UNTB0YEnsNBbWfhf7RtnzpL7TkBiTBRfrQ9Fxcnz7VJsleJpyp6rVLvXiuORqjlHi5q+PYuA==}
    engines: {node: '>=10.16.0'}
    dependencies:
      streamsearch: 1.1.0
    dev: false

  /caniuse-lite@1.0.30001499:
    resolution: {integrity: sha512-IhoQqRrW6WiecFcfZgoJS1YLEN1/HR1vHP5WNgjCARRW7KUNToHHTX3FrwCM+y4zkRa48D9rE90WFYc2IWhDWQ==}
    dev: false

  /chokidar@3.5.3:
    resolution: {integrity: sha512-Dr3sfKRP6oTcjf2JmUmFJfeVMvXBdegxB0iVQ5eb2V10uFJUCAS8OByZdVAyVb8xXNz3GjjTgj9kLWsZTqE6kw==}
    engines: {node: '>= 8.10.0'}
    dependencies:
      anymatch: 3.1.3
      braces: 3.0.2
      glob-parent: 5.1.2
      is-binary-path: 2.1.0
      is-glob: 4.0.3
      normalize-path: 3.0.0
      readdirp: 3.6.0
    optionalDependencies:
      fsevents: 2.3.2
    dev: false

  /client-only@0.0.1:
    resolution: {integrity: sha512-IV3Ou0jSMzZrd3pZ48nLkT9DA7Ag1pnPzaiQhpW7c3RbcqqzvzzVu+L8gfqMp/8IM2MQtSiqaCxrrcfu8I8rMA==}
    dev: false

  /combined-stream@1.0.8:
    resolution: {integrity: sha512-FQN4MRfuJeHf7cBbBMJFXhKSDq+2kAArBlmRBvcvFE5BB1HZKXtSFASDhdlz9zOYwxh8lDdnvmMOe/+5cdoEdg==}
    engines: {node: '>= 0.8'}
    dependencies:
      delayed-stream: 1.0.0
    dev: false

  /cookie@0.5.0:
    resolution: {integrity: sha512-YZ3GUyn/o8gfKJlnlX7g7xq4gyO6OSuhGPKaaGssGB2qgDUS0gPgtTvoyZLTt9Ab6dC4hfc9dV5arkvc/OCmrw==}
    engines: {node: '>= 0.6'}
    dev: false

  /csstype@3.1.2:
    resolution: {integrity: sha512-I7K1Uu0MBPzaFKg4nI5Q7Vs2t+3gWWW648spaF+Rg7pI9ds18Ugn+lvg4SHczUdKlHI5LWBXyqfS8+DufyBsgQ==}
    dev: false

  /debug@4.3.4:
    resolution: {integrity: sha512-PRWFHuSU3eDtQJPvnNY7Jcket1j0t5OuOsFzPPzsekD52Zl8qUfFIPEiswXqIvHWGVHOgX+7G/vCNNhehwxfkQ==}
    engines: {node: '>=6.0'}
    peerDependencies:
      supports-color: '*'
    peerDependenciesMeta:
      supports-color:
        optional: true
    dependencies:
      ms: 2.1.2
    dev: false

  /delayed-stream@1.0.0:
    resolution: {integrity: sha512-ZySD7Nf91aLB0RxL4KGrKHBXl7Eds1DAmEdcoVawXnLD7SDhpNgtuII2aAkg7a7QS41jxPSZ17p4VdGnMHk3MQ==}
    engines: {node: '>=0.4.0'}
    dev: false

  /fill-range@7.0.1:
    resolution: {integrity: sha512-qOo9F+dMUmC2Lcb4BbVvnKJxTPjCm+RRpe4gDuGrzkL7mEVl/djYSu2OdQ2Pa302N4oqkSg9ir6jaLWJ2USVpQ==}
    engines: {node: '>=8'}
    dependencies:
      to-regex-range: 5.0.1
    dev: false

  /follow-redirects@1.15.2:
    resolution: {integrity: sha512-VQLG33o04KaQ8uYi2tVNbdrWp1QWxNNea+nmIB4EVM28v0hmP17z7aG1+wAkNzVq4KeXTq3221ye5qTJP91JwA==}
    engines: {node: '>=4.0'}
    peerDependencies:
      debug: '*'
    peerDependenciesMeta:
      debug:
        optional: true
    dev: false

  /form-data@4.0.0:
    resolution: {integrity: sha512-ETEklSGi5t0QMZuiXoA/Q6vcnxcLQP5vdugSpuAyi6SVGi2clPPp+xgEhuMaHC+zGgn31Kd235W35f7Hykkaww==}
    engines: {node: '>= 6'}
    dependencies:
      asynckit: 0.4.0
      combined-stream: 1.0.8
      mime-types: 2.1.35
    dev: false

  /fsevents@2.3.2:
    resolution: {integrity: sha512-xiqMQR4xAeHTuB9uWm+fFRcIOgKBMiOBP+eXiyT7jsgVCq1bkVygt00oASowB7EdtpOHaaPgKt812P9ab+DDKA==}
    engines: {node: ^8.16.0 || ^10.6.0 || >=11.0.0}
    os: [darwin]
    requiresBuild: true
    dev: false
    optional: true

  /glob-parent@5.1.2:
    resolution: {integrity: sha512-AOIgSQCepiJYwP3ARnGx+5VnTu2HBYdzbGP45eLw1vr3zB3vZLeyed1sC9hnbcOc9/SrMyM5RPQrkGz4aS9Zow==}
    engines: {node: '>= 6'}
    dependencies:
      is-glob: 4.0.3
    dev: false

  /glob-to-regexp@0.4.1:
    resolution: {integrity: sha512-lkX1HJXwyMcprw/5YUZc2s7DrpAiHB21/V+E1rHUrVNokkvB6bqMzT0VfV6/86ZNabt1k14YOIaT7nDvOX3Iiw==}
    dev: false

  /graceful-fs@4.2.11:
    resolution: {integrity: sha512-RbJ5/jmFcNNCcDV5o9eTnBLJ/HszWV0P73bc+Ff4nS/rJj+YaS6IGyiOL0VoBYX+l1Wrl3k63h/KrH+nhJ0XvQ==}
    dev: false

  /hoist-non-react-statics@3.3.2:
    resolution: {integrity: sha512-/gGivxi8JPKWNm/W0jSmzcMPpfpPLc3dY/6GxhX2hQ9iGj3aDfklV4ET7NjKpSinLpJ5vafa9iiGIEZg10SfBw==}
    dependencies:
      react-is: 16.13.1
    dev: false

  /immer@9.0.21:
    resolution: {integrity: sha512-bc4NBHqOqSfRW7POMkHd51LvClaeMXpm8dx0e8oE2GORbq5aRK7Bxl4FyzVLdGtLmvLKL7BTDBG5ACQm4HWjTA==}
    dev: false

  /immutable@4.3.0:
    resolution: {integrity: sha512-0AOCmOip+xgJwEVTQj1EfiDDOkPmuyllDuTuEX+DDXUgapLAsBIfkg3sxCYyCEA8mQqZrrxPUGjcOQ2JS3WLkg==}
    dev: false

  /ip@2.0.0:
    resolution: {integrity: sha512-WKa+XuLG1A1R0UWhl2+1XQSi+fZWMsYKffMZTTYsiZaUD8k2yDAj5atimTUD2TZkyCkNEeYE5NhFZmupOGtjYQ==}
    dev: false

  /is-binary-path@2.1.0:
    resolution: {integrity: sha512-ZMERYes6pDydyuGidse7OsHxtbI7WVeUEozgR/g7rd0xUimYNlvZRE/K2MgZTjWy725IfelLeVcEM97mmtRGXw==}
    engines: {node: '>=8'}
    dependencies:
      binary-extensions: 2.2.0
    dev: false

  /is-extglob@2.1.1:
    resolution: {integrity: sha512-SbKbANkN603Vi4jEZv49LeVJMn4yGwsbzZworEoyEiutsN3nJYdbO36zfhGJ6QEDpOZIFkDtnq5JRxmvl3jsoQ==}
    engines: {node: '>=0.10.0'}
    dev: false

  /is-glob@4.0.3:
    resolution: {integrity: sha512-xelSayHH36ZgE7ZWhli7pW34hNbNl8Ojv5KVmkJD4hBdD3th8Tfk9vYasLM+mXWOZhFkgZfxhLSnrwRr4elSSg==}
    engines: {node: '>=0.10.0'}
    dependencies:
      is-extglob: 2.1.1
    dev: false

  /is-number@7.0.0:
    resolution: {integrity: sha512-41Cifkg6e8TylSpdtTpeLVMqvSBEVzTttHvERD741+pnZ8ANv0004MRL43QKPDlK9cGvNp6NZWZUBlbGXYxxng==}
    engines: {node: '>=0.12.0'}
    dev: false

  /jose@4.14.4:
    resolution: {integrity: sha512-j8GhLiKmUAh+dsFXlX1aJCbt5KMibuKb+d7j1JaOJG6s2UjX1PQlW+OKB/sD4a/5ZYF4RcmYmLSndOoU3Lt/3g==}
    dev: false

  /js-tokens@4.0.0:
    resolution: {integrity: sha512-RdJUflcE3cUzKiMqQgsCu06FPu9UdIJO0beYbPhHN4k6apgJtifcoCtT9bcxOpYBtpD2kCM6Sbzg4CausW/PKQ==}
    dev: false

  /kareem@2.5.1:
    resolution: {integrity: sha512-7jFxRVm+jD+rkq3kY0iZDJfsO2/t4BBPeEb2qKn2lR/9KhuksYk5hxzfRYWMPV8P/x2d0kHD306YyWLzjjH+uA==}
    engines: {node: '>=12.0.0'}
    dev: false

  /loose-envify@1.4.0:
    resolution: {integrity: sha512-lyuxPGr/Wfhrlem2CL/UcnUc1zcqKAImBDzukY7Y5F/yQiNdko6+fRLevlw1HgMySw7f611UIY408EtxRSoK3Q==}
    hasBin: true
    dependencies:
      js-tokens: 4.0.0
    dev: false

  /lru-cache@6.0.0:
    resolution: {integrity: sha512-Jo6dJ04CmSjuznwJSS3pUeWmd/H0ffTlkXXgwZi+eq1UCmqQwCh+eLsYOYCwY991i2Fah4h1BEMCx4qThGbsiA==}
    engines: {node: '>=10'}
    dependencies:
      yallist: 4.0.0
    dev: false

  /memory-pager@1.5.0:
    resolution: {integrity: sha512-ZS4Bp4r/Zoeq6+NLJpP+0Zzm0pR8whtGPf1XExKLJBAczGMnSi3It14OiNCStjQjM6NU1okjQGSxgEZN8eBYKg==}
    dev: false
    optional: true

  /mime-db@1.52.0:
    resolution: {integrity: sha512-sPU4uV7dYlvtWJxwwxHD0PuihVNiE7TyAbQ5SWxDCB9mUYvOgroQOwYQQOKPJ8CIbE+1ETVlOoK1UC2nU3gYvg==}
    engines: {node: '>= 0.6'}
    dev: false

  /mime-types@2.1.35:
    resolution: {integrity: sha512-ZDY+bPm5zTTF+YpCrAU9nK0UgICYPT0QtT1NZWFv4s++TNkcgVaT0g6+4R2uI4MjQjzysHB1zxuWL50hzaeXiw==}
    engines: {node: '>= 0.6'}
    dependencies:
      mime-db: 1.52.0
    dev: false

  /mongodb-connection-string-url@2.6.0:
    resolution: {integrity: sha512-WvTZlI9ab0QYtTYnuMLgobULWhokRjtC7db9LtcVfJ+Hsnyr5eo6ZtNAt3Ly24XZScGMelOcGtm7lSn0332tPQ==}
    dependencies:
      '@types/whatwg-url': 8.2.2
      whatwg-url: 11.0.0
    dev: false

  /mongodb@5.5.0:
    resolution: {integrity: sha512-XgrkUgAAdfnZKQfk5AsYL8j7O99WHd4YXPxYxnh8dZxD+ekYWFRA3JktUsBnfg+455Smf75/+asoU/YLwNGoQQ==}
    engines: {node: '>=14.20.1'}
    peerDependencies:
      '@aws-sdk/credential-providers': ^3.201.0
      mongodb-client-encryption: '>=2.3.0 <3'
      snappy: ^7.2.2
    peerDependenciesMeta:
      '@aws-sdk/credential-providers':
        optional: true
      mongodb-client-encryption:
        optional: true
      snappy:
        optional: true
    dependencies:
      bson: 5.3.0
      mongodb-connection-string-url: 2.6.0
      socks: 2.7.1
    optionalDependencies:
      saslprep: 1.0.3
    dev: false

  /mongodb@5.6.0:
    resolution: {integrity: sha512-z8qVs9NfobHJm6uzK56XBZF8XwM9H294iRnB7wNjF0SnY93si5HPziIJn+qqvUR5QOff/4L0gCD6SShdR/GtVQ==}
    engines: {node: '>=14.20.1'}
    peerDependencies:
      '@aws-sdk/credential-providers': ^3.201.0
      mongodb-client-encryption: '>=2.3.0 <3'
      snappy: ^7.2.2
    peerDependenciesMeta:
      '@aws-sdk/credential-providers':
        optional: true
      mongodb-client-encryption:
        optional: true
      snappy:
        optional: true
    dependencies:
      bson: 5.3.0
      mongodb-connection-string-url: 2.6.0
      socks: 2.7.1
    optionalDependencies:
      saslprep: 1.0.3
    dev: false

  /mongoose@7.2.3:
    resolution: {integrity: sha512-ClHD73HiqMk4hcOhdlZxluldokZfXvkrxjdKuqI7UQWLM71OIoy+n+OS+OHz4qJhS+/UaPzemQDKYtVrl4l0Ig==}
    engines: {node: '>=14.20.1'}
    dependencies:
      bson: 5.3.0
      kareem: 2.5.1
      mongodb: 5.5.0
      mpath: 0.9.0
      mquery: 5.0.0
      ms: 2.1.3
      sift: 16.0.1
    transitivePeerDependencies:
      - '@aws-sdk/credential-providers'
      - mongodb-client-encryption
      - snappy
      - supports-color
    dev: false

  /mpath@0.9.0:
    resolution: {integrity: sha512-ikJRQTk8hw5DEoFVxHG1Gn9T/xcjtdnOKIU1JTmGjZZlg9LST2mBLmcX3/ICIbgJydT2GOc15RnNy5mHmzfSew==}
    engines: {node: '>=4.0.0'}
    dev: false

  /mquery@5.0.0:
    resolution: {integrity: sha512-iQMncpmEK8R8ncT8HJGsGc9Dsp8xcgYMVSbs5jgnm1lFHTZqMJTUWTDx1LBO8+mK3tPNZWFLBghQEIOULSTHZg==}
    engines: {node: '>=14.0.0'}
    dependencies:
      debug: 4.3.4
    transitivePeerDependencies:
      - supports-color
    dev: false

  /ms@2.1.2:
    resolution: {integrity: sha512-sGkPx+VjMtmA6MX27oA4FBFELFCZZ4S4XqeGOXCv68tT+jb3vk/RyaKWP0PTKyWtmLSM0b+adUTEvbs1PEaH2w==}
    dev: false

  /ms@2.1.3:
    resolution: {integrity: sha512-6FlzubTLZG3J2a/NVCAleEhjzq5oxgHyaCU9yYXvcLsvoVaHJq/s5xXI6/XXP6tz7R9xAOtHnSO/tXtF3WRTlA==}
    dev: false

  /nanoid@3.3.6:
    resolution: {integrity: sha512-BGcqMMJuToF7i1rt+2PWSNVnWIkGCU78jBG3RxO/bZlnZPK2Cmi2QaffxGO/2RvWi9sL+FAiRiXMgsyxQ1DIDA==}
    engines: {node: ^10 || ^12 || ^13.7 || ^14 || >=15.0.1}
    hasBin: true
    dev: false

  /next-auth@4.22.1(next@13.4.5)(react-dom@18.2.0)(react@18.2.0):
    resolution: {integrity: sha512-NTR3f6W7/AWXKw8GSsgSyQcDW6jkslZLH8AiZa5PQ09w1kR8uHtR9rez/E9gAq/o17+p0JYHE8QjF3RoniiObA==}
    peerDependencies:
      next: ^12.2.5 || ^13
      nodemailer: ^6.6.5
      react: ^17.0.2 || ^18
      react-dom: ^17.0.2 || ^18
    peerDependenciesMeta:
      nodemailer:
        optional: true
    dependencies:
      '@babel/runtime': 7.22.5
      '@panva/hkdf': 1.1.1
      cookie: 0.5.0
      jose: 4.14.4
      next: 13.4.5(react-dom@18.2.0)(react@18.2.0)(sass@1.63.3)
      oauth: 0.9.15
      openid-client: 5.4.2
      preact: 10.15.1
      preact-render-to-string: 5.2.6(preact@10.15.1)
      react: 18.2.0
      react-dom: 18.2.0(react@18.2.0)
      uuid: 8.3.2
    dev: false

  /next-redux-wrapper@8.1.0(next@13.4.5)(react-redux@8.0.7)(react@18.2.0):
    resolution: {integrity: sha512-2hIau0hcI6uQszOtrvAFqgc0NkZegKYhBB7ZAKiG3jk7zfuQb4E7OV9jfxViqqojh3SEHdnFfPkN9KErttUKuw==}
    peerDependencies:
      next: '>=9'
      react: '*'
      react-redux: '*'
    dependencies:
      next: 13.4.5(react-dom@18.2.0)(react@18.2.0)(sass@1.63.3)
      react: 18.2.0
      react-redux: 8.0.7(@reduxjs/toolkit@1.9.5)(react-dom@18.2.0)(react@18.2.0)(redux@4.2.1)
    dev: false

  /next@13.4.5(react-dom@18.2.0)(react@18.2.0)(sass@1.63.3):
    resolution: {integrity: sha512-pfNsRLVM9e5Y1/z02VakJRfD6hMQkr24FaN2xc9GbcZDBxoOgiNAViSg5cXwlWCoMhtm4U315D7XYhgOr96Q3Q==}
    engines: {node: '>=16.8.0'}
    hasBin: true
    peerDependencies:
      '@opentelemetry/api': ^1.1.0
      fibers: '>= 3.1.0'
      react: ^18.2.0
      react-dom: ^18.2.0
      sass: ^1.3.0
    peerDependenciesMeta:
      '@opentelemetry/api':
        optional: true
      fibers:
        optional: true
      sass:
        optional: true
    dependencies:
      '@next/env': 13.4.5
      '@swc/helpers': 0.5.1
      busboy: 1.6.0
      caniuse-lite: 1.0.30001499
      postcss: 8.4.14
      react: 18.2.0
      react-dom: 18.2.0(react@18.2.0)
      sass: 1.63.3
      styled-jsx: 5.1.1(react@18.2.0)
      watchpack: 2.4.0
      zod: 3.21.4
    optionalDependencies:
      '@next/swc-darwin-arm64': 13.4.5
      '@next/swc-darwin-x64': 13.4.5
      '@next/swc-linux-arm64-gnu': 13.4.5
      '@next/swc-linux-arm64-musl': 13.4.5
      '@next/swc-linux-x64-gnu': 13.4.5
      '@next/swc-linux-x64-musl': 13.4.5
      '@next/swc-win32-arm64-msvc': 13.4.5
      '@next/swc-win32-ia32-msvc': 13.4.5
      '@next/swc-win32-x64-msvc': 13.4.5
    transitivePeerDependencies:
      - '@babel/core'
      - babel-plugin-macros
    dev: false

  /normalize-path@3.0.0:
    resolution: {integrity: sha512-6eZs5Ls3WtCisHWp9S2GUy8dqkpGi4BVSz3GaqiE6ezub0512ESztXUwUB6C6IKbQkY2Pnb/mD4WYojCRwcwLA==}
    engines: {node: '>=0.10.0'}
    dev: false

  /oauth@0.9.15:
    resolution: {integrity: sha512-a5ERWK1kh38ExDEfoO6qUHJb32rd7aYmPHuyCu3Fta/cnICvYmgd2uhuKXvPD+PXB+gCEYYEaQdIRAjCOwAKNA==}
    dev: false

  /object-hash@2.2.0:
    resolution: {integrity: sha512-gScRMn0bS5fH+IuwyIFgnh9zBdo4DV+6GhygmWM9HyNJSgS0hScp1f5vjtm7oIIOiT9trXrShAkLFSc2IqKNgw==}
    engines: {node: '>= 6'}
    dev: false

  /oidc-token-hash@5.0.3:
    resolution: {integrity: sha512-IF4PcGgzAr6XXSff26Sk/+P4KZFJVuHAJZj3wgO3vX2bMdNVp/QXTP3P7CEm9V1IdG8lDLY3HhiqpsE/nOwpPw==}
    engines: {node: ^10.13.0 || >=12.0.0}
    dev: false

  /openid-client@5.4.2:
    resolution: {integrity: sha512-lIhsdPvJ2RneBm3nGBBhQchpe3Uka//xf7WPHTIglery8gnckvW7Bd9IaQzekzXJvWthCMyi/xVEyGW0RFPytw==}
    dependencies:
      jose: 4.14.4
      lru-cache: 6.0.0
      object-hash: 2.2.0
      oidc-token-hash: 5.0.3
    dev: false

  /picocolors@1.0.0:
    resolution: {integrity: sha512-1fygroTLlHu66zi26VoTDv8yRgm0Fccecssto+MhsZ0D/DGW2sm8E8AjW7NU5VVTRt5GxbeZ5qBuJr+HyLYkjQ==}
    dev: false

  /picomatch@2.3.1:
    resolution: {integrity: sha512-JU3teHTNjmE2VCGFzuY8EXzCDVwEqB2a8fsIvwaStHhAWJEeVd1o1QD80CU6+ZdEXXSLbSsuLwJjkCBWqRQUVA==}
    engines: {node: '>=8.6'}
    dev: false

  /postcss@8.4.14:
    resolution: {integrity: sha512-E398TUmfAYFPBSdzgeieK2Y1+1cpdxJx8yXbK/m57nRhKSmk1GB2tO4lbLBtlkfPQTDKfe4Xqv1ASWPpayPEig==}
    engines: {node: ^10 || ^12 || >=14}
    dependencies:
      nanoid: 3.3.6
      picocolors: 1.0.0
      source-map-js: 1.0.2
    dev: false

  /preact-render-to-string@5.2.6(preact@10.15.1):
    resolution: {integrity: sha512-JyhErpYOvBV1hEPwIxc/fHWXPfnEGdRKxc8gFdAZ7XV4tlzyzG847XAyEZqoDnynP88akM4eaHcSOzNcLWFguw==}
    peerDependencies:
      preact: '>=10'
    dependencies:
      preact: 10.15.1
      pretty-format: 3.8.0
    dev: false

  /preact@10.15.1:
    resolution: {integrity: sha512-qs2ansoQEwzNiV5eAcRT1p1EC/dmEzaATVDJNiB3g2sRDWdA7b7MurXdJjB2+/WQktGWZwxvDrnuRFbWuIr64g==}
    dev: false

  /pretty-format@3.8.0:
    resolution: {integrity: sha512-WuxUnVtlWL1OfZFQFuqvnvs6MiAGk9UNsBostyBOB0Is9wb5uRESevA6rnl/rkksXaGX3GzZhPup5d6Vp1nFew==}
    dev: false

  /proxy-from-env@1.1.0:
    resolution: {integrity: sha512-D+zkORCbA9f1tdWRK0RaCR3GPv50cMxcrz4X8k5LTSUD1Dkw47mKJEZQNunItRTkWwgtaUSo1RVFRIG9ZXiFYg==}
    dev: false

  /punycode@2.3.0:
    resolution: {integrity: sha512-rRV+zQD8tVFys26lAGR9WUuS4iUAngJScM+ZRSKtvl5tKeZ2t5bvdNFdNHBW9FWR4guGHlgmsZ1G7BSm2wTbuA==}
    engines: {node: '>=6'}
    dev: false

  /react-dom@18.2.0(react@18.2.0):
    resolution: {integrity: sha512-6IMTriUmvsjHUjNtEDudZfuDQUoWXVxKHhlEGSk81n4YFS+r/Kl99wXiwlVXtPBtJenozv2P+hxDsw9eA7Xo6g==}
    peerDependencies:
      react: ^18.2.0
    dependencies:
      loose-envify: 1.4.0
      react: 18.2.0
      scheduler: 0.23.0
    dev: false

  /react-icons@4.9.0(react@18.2.0):
    resolution: {integrity: sha512-ijUnFr//ycebOqujtqtV9PFS7JjhWg0QU6ykURVHuL4cbofvRCf3f6GMn9+fBktEFQOIVZnuAYLZdiyadRQRFg==}
    peerDependencies:
      react: '*'
    dependencies:
      react: 18.2.0
    dev: false

  /react-is@16.13.1:
    resolution: {integrity: sha512-24e6ynE2H+OKt4kqsOvNd8kBpV65zoxbA4BVsEOB3ARVWQki/DHzaUoC5KuON/BiccDaCCTZBuOcfZs70kR8bQ==}
    dev: false

  /react-is@18.2.0:
    resolution: {integrity: sha512-xWGDIW6x921xtzPkhiULtthJHoJvBbF3q26fzloPCK0hsvxtPVelvftw3zjbHWSkR2km9Z+4uxbDDK/6Zw9B8w==}
    dev: false

  /react-redux@8.0.7(@reduxjs/toolkit@1.9.5)(react-dom@18.2.0)(react@18.2.0)(redux@4.2.1):
    resolution: {integrity: sha512-1vRQuCQI5Y2uNmrMXg81RXKiBHY3jBzvCvNmZF437O/Z9/pZ+ba2uYHbemYXb3g8rjsacBGo+/wmfrQKzMhJsg==}
    peerDependencies:
      '@reduxjs/toolkit': ^1 || ^2.0.0-beta.0
      '@types/react': ^16.8 || ^17.0 || ^18.0
      '@types/react-dom': ^16.8 || ^17.0 || ^18.0
      react: ^16.8 || ^17.0 || ^18.0
      react-dom: ^16.8 || ^17.0 || ^18.0
      react-native: '>=0.59'
      redux: ^4 || ^5.0.0-beta.0
    peerDependenciesMeta:
      '@reduxjs/toolkit':
        optional: true
      '@types/react':
        optional: true
      '@types/react-dom':
        optional: true
      react-dom:
        optional: true
      react-native:
        optional: true
      redux:
        optional: true
    dependencies:
      '@babel/runtime': 7.22.5
      '@reduxjs/toolkit': 1.9.5(react-redux@8.0.7)(react@18.2.0)
      '@types/hoist-non-react-statics': 3.3.1
      '@types/use-sync-external-store': 0.0.3
      hoist-non-react-statics: 3.3.2
      react: 18.2.0
      react-dom: 18.2.0(react@18.2.0)
      react-is: 18.2.0
      redux: 4.2.1
      use-sync-external-store: 1.2.0(react@18.2.0)
    dev: false

  /react@18.2.0:
    resolution: {integrity: sha512-/3IjMdb2L9QbBdWiW5e3P2/npwMBaU9mHCSCUzNln0ZCYbcfTsGbTJrU/kGemdH2IWmB2ioZ+zkxtmq6g09fGQ==}
    engines: {node: '>=0.10.0'}
    dependencies:
      loose-envify: 1.4.0
    dev: false

  /readdirp@3.6.0:
    resolution: {integrity: sha512-hOS089on8RduqdbhvQ5Z37A0ESjsqz6qnRcffsMU3495FuTdqSm+7bhJ29JvIOsBDEEnan5DPu9t3To9VRlMzA==}
    engines: {node: '>=8.10.0'}
    dependencies:
      picomatch: 2.3.1
    dev: false

  /redux-persist@6.0.0(react@18.2.0)(redux@4.2.1):
    resolution: {integrity: sha512-71LLMbUq2r02ng2We9S215LtPu3fY0KgaGE0k8WRgl6RkqxtGfl7HUozz1Dftwsb0D/5mZ8dwAaPbtnzfvbEwQ==}
    peerDependencies:
      react: '>=16'
      redux: '>4.0.0'
    peerDependenciesMeta:
      react:
        optional: true
    dependencies:
      react: 18.2.0
      redux: 4.2.1
    dev: false

  /redux-thunk@2.4.2(redux@4.2.1):
    resolution: {integrity: sha512-+P3TjtnP0k/FEjcBL5FZpoovtvrTNT/UXd4/sluaSyrURlSlhLSzEdfsTBW7WsKB6yPvgd7q/iZPICFjW4o57Q==}
    peerDependencies:
      redux: ^4
    dependencies:
      redux: 4.2.1
    dev: false

  /redux@4.2.1:
    resolution: {integrity: sha512-LAUYz4lc+Do8/g7aeRa8JkyDErK6ekstQaqWQrNRW//MY1TvCEpMtpTWvlQ+FPbWCx+Xixu/6SHt5N0HR+SB4w==}
    dependencies:
      '@babel/runtime': 7.22.5
    dev: false

  /regenerator-runtime@0.13.11:
    resolution: {integrity: sha512-kY1AZVr2Ra+t+piVaJ4gxaFaReZVH40AKNo7UCX6W+dEwBo/2oZJzqfuN1qLq1oL45o56cPaTXELwrTh8Fpggg==}
    dev: false

  /reselect@4.1.8:
    resolution: {integrity: sha512-ab9EmR80F/zQTMNeneUr4cv+jSwPJgIlvEmVwLerwrWVbpLlBuls9XHzIeTFy4cegU2NHBp3va0LKOzU5qFEYQ==}
    dev: false

  /saslprep@1.0.3:
    resolution: {integrity: sha512-/MY/PEMbk2SuY5sScONwhUDsV2p77Znkb/q3nSVstq/yQzYJOH/Azh29p9oJLsl3LnQwSvZDKagDGBsBwSooag==}
    engines: {node: '>=6'}
    requiresBuild: true
    dependencies:
      sparse-bitfield: 3.0.3
    dev: false
    optional: true

  /sass@1.63.3:
    resolution: {integrity: sha512-ySdXN+DVpfwq49jG1+hmtDslYqpS7SkOR5GpF6o2bmb1RL/xS+wvPmegMvMywyfsmAV6p7TgwXYGrCZIFFbAHg==}
    engines: {node: '>=14.0.0'}
    hasBin: true
    dependencies:
      chokidar: 3.5.3
      immutable: 4.3.0
      source-map-js: 1.0.2
    dev: false

  /scheduler@0.23.0:
    resolution: {integrity: sha512-CtuThmgHNg7zIZWAXi3AsyIzA3n4xx7aNyjwC2VJldO2LMVDhFK+63xGqq6CsJH4rTAt6/M+N4GhZiDYPx9eUw==}
    dependencies:
      loose-envify: 1.4.0
    dev: false

  /sift@16.0.1:
    resolution: {integrity: sha512-Wv6BjQ5zbhW7VFefWusVP33T/EM0vYikCaQ2qR8yULbsilAT8/wQaXvuQ3ptGLpoKx+lihJE3y2UTgKDyyNHZQ==}
    dev: false

  /smart-buffer@4.2.0:
    resolution: {integrity: sha512-94hK0Hh8rPqQl2xXc3HsaBoOXKV20MToPkcXvwbISWLEs+64sBq5kFgn2kJDHb1Pry9yrP0dxrCI9RRci7RXKg==}
    engines: {node: '>= 6.0.0', npm: '>= 3.0.0'}
    dev: false

  /socks@2.7.1:
    resolution: {integrity: sha512-7maUZy1N7uo6+WVEX6psASxtNlKaNVMlGQKkG/63nEDdLOWNbiUMoLK7X4uYoLhQstau72mLgfEWcXcwsaHbYQ==}
    engines: {node: '>= 10.13.0', npm: '>= 3.0.0'}
    dependencies:
      ip: 2.0.0
      smart-buffer: 4.2.0
    dev: false

  /source-map-js@1.0.2:
    resolution: {integrity: sha512-R0XvVJ9WusLiqTCEiGCmICCMplcCkIwwR11mOSD9CR5u+IXYdiseeEuXCVAjS54zqwkLcPNnmU4OeJ6tUrWhDw==}
    engines: {node: '>=0.10.0'}
    dev: false

  /sparse-bitfield@3.0.3:
    resolution: {integrity: sha512-kvzhi7vqKTfkh0PZU+2D2PIllw2ymqJKujUcyPMd9Y75Nv4nPbGJZXNhxsgdQab2BmlDct1YnfQCguEvHr7VsQ==}
    dependencies:
      memory-pager: 1.5.0
    dev: false
    optional: true

  /streamsearch@1.1.0:
    resolution: {integrity: sha512-Mcc5wHehp9aXz1ax6bZUyY5afg9u2rv5cqQI3mRrYkGC8rW2hM02jWuwjtL++LS5qinSyhj2QfLyNsuc+VsExg==}
    engines: {node: '>=10.0.0'}
    dev: false

  /styled-jsx@5.1.1(react@18.2.0):
    resolution: {integrity: sha512-pW7uC1l4mBZ8ugbiZrcIsiIvVx1UmTfw7UkC3Um2tmfUq9Bhk8IiyEIPl6F8agHgjzku6j0xQEZbfA5uSgSaCw==}
    engines: {node: '>= 12.0.0'}
    peerDependencies:
      '@babel/core': '*'
      babel-plugin-macros: '*'
      react: '>= 16.8.0 || 17.x.x || ^18.0.0-0'
    peerDependenciesMeta:
      '@babel/core':
        optional: true
      babel-plugin-macros:
        optional: true
    dependencies:
      client-only: 0.0.1
      react: 18.2.0
    dev: false

  /to-regex-range@5.0.1:
    resolution: {integrity: sha512-65P7iz6X5yEr1cwcgvQxbbIw7Uk3gOy5dIdtZ4rDveLqhrdJP+Li/Hx6tyK0NEb+2GCyneCMJiGqrADCSNk8sQ==}
    engines: {node: '>=8.0'}
    dependencies:
      is-number: 7.0.0
    dev: false

  /tr46@3.0.0:
    resolution: {integrity: sha512-l7FvfAHlcmulp8kr+flpQZmVwtu7nfRV7NZujtN0OqES8EL4O4e0qqzL0DC5gAvx/ZC/9lk6rhcUwYvkBnBnYA==}
    engines: {node: '>=12'}
    dependencies:
      punycode: 2.3.0
    dev: false

  /tslib@2.5.3:
    resolution: {integrity: sha512-mSxlJJwl3BMEQCUNnxXBU9jP4JBktcEGhURcPR6VQVlnP0FdDEsIaz0C35dXNGLyRfrATNofF0F5p2KPxQgB+w==}
    dev: false

  /use-sync-external-store@1.2.0(react@18.2.0):
    resolution: {integrity: sha512-eEgnFxGQ1Ife9bzYs6VLi8/4X6CObHMw9Qr9tPY43iKwsPw8xE8+EFsf/2cFZ5S3esXgpWgtSCtLNS41F+sKPA==}
    peerDependencies:
      react: ^16.8.0 || ^17.0.0 || ^18.0.0
    dependencies:
      react: 18.2.0
    dev: false

  /uuid@8.3.2:
    resolution: {integrity: sha512-+NYs2QeMWy+GWFOEm9xnn6HCDp0l7QBD7ml8zLUmJ+93Q5NF0NocErnwkTkXVFNiX3/fpC6afS8Dhb/gz7R7eg==}
    hasBin: true
    dev: false

  /watchpack@2.4.0:
    resolution: {integrity: sha512-Lcvm7MGST/4fup+ifyKi2hjyIAwcdI4HRgtvTpIUxBRhB+RFtUh8XtDOxUfctVCnhVi+QQj49i91OyvzkJl6cg==}
    engines: {node: '>=10.13.0'}
    dependencies:
      glob-to-regexp: 0.4.1
      graceful-fs: 4.2.11
    dev: false

  /webidl-conversions@7.0.0:
    resolution: {integrity: sha512-VwddBukDzu71offAQR975unBIGqfKZpM+8ZX6ySk8nYhVoo5CYaZyzt3YBvYtRtO+aoGlqxPg/B87NGVZ/fu6g==}
    engines: {node: '>=12'}
    dev: false

  /whatwg-url@11.0.0:
    resolution: {integrity: sha512-RKT8HExMpoYx4igMiVMY83lN6UeITKJlBQ+vR/8ZJ8OCdSiN3RwCq+9gH0+Xzj0+5IrM6i4j/6LuvzbZIQgEcQ==}
    engines: {node: '>=12'}
    dependencies:
      tr46: 3.0.0
      webidl-conversions: 7.0.0
    dev: false

  /yallist@4.0.0:
    resolution: {integrity: sha512-3wdGidZyq5PB084XLES5TpOSRA3wjXAlIWMhum2kRcv/41Sn2emQ0dycQW4uZXLejwKvg6EsvbdlVL+FYEct7A==}
    dev: false

  /zod@3.21.4:
    resolution: {integrity: sha512-m46AKbrzKVzOzs/DZgVnG5H55N1sv1M8qZU3A8RIKbs3mrACDNeIOeilDymVb2HdmP8uwshOCF4uJ8uM9rCqJw==}
    dev: false
